
Microsoft Visual Studio Solution File, Format Version 12.00
Project("{FAE04EC0-301F-11D3-BF4B-00C04F79EFBC}") = "Trellog-Action", "Trellog-Action\Trellog-Action.csproj", "{97F93CE3-DF60-41FC-8516-02846D15DAA0}"
EndProject
Global
	GlobalSection(SolutionConfigurationPlatforms) = preSolution
		Debug|Any CPU = Debug|Any CPU
		Release|Any CPU = Release|Any CPU
	EndGlobalSection
	GlobalSection(ProjectConfigurationPlatforms) = postSolution
		{97F93CE3-DF60-41FC-8516-02846D15DAA0}.Debug|Any CPU.ActiveCfg = Debug|Any CPU
		{97F93CE3-DF60-41FC-8516-02846D15DAA0}.Debug|Any CPU.Build.0 = Debug|Any CPU
		{97F93CE3-DF60-41FC-8516-02846D15DAA0}.Release|Any CPU.ActiveCfg = Release|Any CPU
		{97F93CE3-DF60-41FC-8516-02846D15DAA0}.Release|Any CPU.Build.0 = Release|Any CPU
	EndGlobalSection
EndGlobal
